
Microsoft Visual Studio Solution File, Format Version 12.00
# Visual Studio 14
VisualStudioVersion = 14.0.25123.0
MinimumVisualStudioVersion = 10.0.40219.1
Project("{FAE04EC0-301F-11D3-BF4B-00C04F79EFBC}") = "LabMVCIng", "LabMVCIng\LabMVCIng.csproj", "{2D4E6DC6-986A-4A1C-84A6-EEC8FB361743}"
EndProject
Global
	GlobalSection(SolutionConfigurationPlatforms) = preSolution
		Debug|Any CPU = Debug|Any CPU
		Release|Any CPU = Release|Any CPU
	EndGlobalSection
	GlobalSection(ProjectConfigurationPlatforms) = postSolution
		{2D4E6DC6-986A-4A1C-84A6-EEC8FB361743}.Debug|Any CPU.ActiveCfg = Debug|Any CPU
		{2D4E6DC6-986A-4A1C-84A6-EEC8FB361743}.Debug|Any CPU.Build.0 = Debug|Any CPU
		{2D4E6DC6-986A-4A1C-84A6-EEC8FB361743}.Release|Any CPU.ActiveCfg = Release|Any CPU
		{2D4E6DC6-986A-4A1C-84A6-EEC8FB361743}.Release|Any CPU.Build.0 = Release|Any CPU
	EndGlobalSection
	GlobalSection(SolutionProperties) = preSolution
		HideSolutionNode = FALSE
	EndGlobalSection
EndGlobal
